
Microsoft Visual Studio Solution File, Format Version 12.00
# Visual Studio Version 17
VisualStudioVersion = 17.0.32112.339
MinimumVisualStudioVersion = 10.0.40219.1
Project("{8BC9CEB8-8B4A-11D0-8D11-00A0C91BC942}") = "DodEngine", "DodEngine\DodEngine.vcxproj", "{DE23FDA5-F65B-41BC-9222-C8AD656E37A5}"
EndProject
Global
	GlobalSection(SolutionConfigurationPlatforms) = preSolution
		Debug|x64 = Debug|x64
		Debug|x86 = Debug|x86
		Release|x64 = Release|x64
		Release|x86 = Release|x86
	EndGlobalSection
	GlobalSection(ProjectConfigurationPlatforms) = postSolution
		{DE23FDA5-F65B-41BC-9222-C8AD656E37A5}.Debug|x64.ActiveCfg = Debug|x64
		{DE23FDA5-F65B-41BC-9222-C8AD656E37A5}.Debug|x64.Build.0 = Debug|x64
		{DE23FDA5-F65B-41BC-9222-C8AD656E37A5}.Debug|x86.ActiveCfg = Debug|Win32
		{DE23FDA5-F65B-41BC-9222-C8AD656E37A5}.Debug|x86.Build.0 = Debug|Win32
		{DE23FDA5-F65B-41BC-9222-C8AD656E37A5}.Release|x64.ActiveCfg = Release|x64
		{DE23FDA5-F65B-41BC-9222-C8AD656E37A5}.Release|x64.Build.0 = Release|x64
		{DE23FDA5-F65B-41BC-9222-C8AD656E37A5}.Release|x86.ActiveCfg = Release|Win32
		{DE23FDA5-F65B-41BC-9222-C8AD656E37A5}.Release|x86.Build.0 = Release|Win32
	EndGlobalSection
	GlobalSection(SolutionProperties) = preSolution
		HideSolutionNode = FALSE
	EndGlobalSection
	GlobalSection(ExtensibilityGlobals) = postSolution
		SolutionGuid = {E609EAE7-50D6-4330-B9B2-CF5A4722F5E6}
	EndGlobalSection
EndGlobal
