<?xml version="1.0" encoding="utf-8"?>
<Project ToolsVersion="4.0" xmlns="http://schemas.microsoft.com/developer/msbuild/2003">
  <ItemGroup>
    <Filter Include="Source Files">
      <UniqueIdentifier>{4FC737F1-C7A5-4376-A066-2A32D752A2FF}</UniqueIdentifier>
      <Extensions>cpp;c;cc;cxx;def;odl;idl;hpj;bat;asm;asmx</Extensions>
    </Filter>
    <Filter Include="Header Files">
      <UniqueIdentifier>{93995380-89BD-4b04-88EB-625FBE52EBFB}</UniqueIdentifier>
      <Extensions>h;hh;hpp;hxx;hm;inl;inc;ipp;xsd</Extensions>
    </Filter>
    <Filter Include="Resource Files">
      <UniqueIdentifier>{67DA6AB6-F800-4c08-8B7A-83BB121AAD01}</UniqueIdentifier>
      <Extensions>rc;ico;cur;bmp;dlg;rc2;rct;bin;rgs;gif;jpg;jpeg;jpe;resx;tiff;tif;png;wav;mfcribbon-ms</Extensions>
    </Filter>
    <Filter Include="Resource Files\Shaders">
      <UniqueIdentifier>{bbd126a7-fc4c-42cd-bdc8-e96d34981cda}</UniqueIdentifier>
    </Filter>
    <Filter Include="Resource Files\Fonts">
      <UniqueIdentifier>{27978d14-03f0-480d-8e66-cc35cb7b5d69}</UniqueIdentifier>
    </Filter>
  </ItemGroup>
  <ItemGroup>
    <ClCompile Include="Main.cpp">
      <Filter>Source Files</Filter>
    </ClCompile>
    <ClCompile Include="glad.c">
      <Filter>Source Files</Filter>
    </ClCompile>
    <ClCompile Include="Core\Render\Shader.cpp">
      <Filter>Source Files</Filter>
    </ClCompile>
    <ClCompile Include="Core\Render\IDrawable.cpp">
      <Filter>Source Files</Filter>
    </ClCompile>
    <ClCompile Include="Core\Render\Renderer.cpp">
      <Filter>Source Files</Filter>
    </ClCompile>
    <ClCompile Include="Core\Render\PrimitiveFigure.cpp">
      <Filter>Source Files</Filter>
    </ClCompile>
    <ClCompile Include="Core\IClickable.cpp">
      <Filter>Source Files</Filter>
    </ClCompile>
    <ClCompile Include="Filler\Button.cpp">
      <Filter>Source Files</Filter>
    </ClCompile>
    <ClCompile Include="Filler\ButtonHelper.cpp">
      <Filter>Source Files</Filter>
    </ClCompile>
    <ClCompile Include="Filler\ColorSelection.cpp">
      <Filter>Source Files</Filter>
    </ClCompile>
    <ClCompile Include="Filler\Field.cpp">
      <Filter>Source Files</Filter>
    </ClCompile>
    <ClCompile Include="Core\IDSUMember.cpp">
      <Filter>Source Files</Filter>
    </ClCompile>
    <ClCompile Include="Core\CallbackManager.cpp">
      <Filter>Source Files</Filter>
    </ClCompile>
    <ClCompile Include="Core\Player.cpp">
      <Filter>Source Files</Filter>
    </ClCompile>
    <ClCompile Include="Core\Render\TextHelper.cpp">
      <Filter>Source Files</Filter>
    </ClCompile>
    <ClCompile Include="Filler\ResetGameButton.cpp">
      <Filter>Source Files</Filter>
    </ClCompile>
    <ClCompile Include="Filler\GameLoop.cpp">
      <Filter>Source Files</Filter>
    </ClCompile>
    <ClCompile Include="Core\Render\Hex.cpp">
      <Filter>Source Files</Filter>
    </ClCompile>
    <ClCompile Include="Core\Render\DArea.cpp">
      <Filter>Source Files</Filter>
    </ClCompile>
    <ClCompile Include="Core\Render\Vertex.cpp">
      <Filter>Source Files</Filter>
    </ClCompile>
    <ClCompile Include="Core\Render\Color.cpp">
      <Filter>Source Files</Filter>
    </ClCompile>
    <ClCompile Include="Core\Math\DVector.cpp">
      <Filter>Source Files</Filter>
    </ClCompile>
  </ItemGroup>
  <ItemGroup>
    <ClInclude Include="Core\Render\Shader.h">
      <Filter>Header Files</Filter>
    </ClInclude>
    <ClInclude Include="Core\Render\IDrawable.h">
      <Filter>Header Files</Filter>
    </ClInclude>
    <ClInclude Include="Core\Render\Renderer.h">
      <Filter>Header Files</Filter>
    </ClInclude>
    <ClInclude Include="Core\Render\PrimitiveFigure.h">
      <Filter>Header Files</Filter>
    </ClInclude>
    <ClInclude Include="Core\IClickable.h">
      <Filter>Header Files</Filter>
    </ClInclude>
    <ClInclude Include="Filler\Button.h">
      <Filter>Header Files</Filter>
    </ClInclude>
    <ClInclude Include="Filler\ButtonHelper.h">
      <Filter>Header Files</Filter>
    </ClInclude>
    <ClInclude Include="Filler\ColorSelection.h">
      <Filter>Header Files</Filter>
    </ClInclude>
    <ClInclude Include="Filler\Field.h">
      <Filter>Header Files</Filter>
    </ClInclude>
    <ClInclude Include="Core\IDSUMember.h">
      <Filter>Header Files</Filter>
    </ClInclude>
    <ClInclude Include="Core\CallbackManager.h">
      <Filter>Header Files</Filter>
    </ClInclude>
    <ClInclude Include="Core\Player.h">
      <Filter>Header Files</Filter>
    </ClInclude>
    <ClInclude Include="Core\Render\TextHelper.h">
      <Filter>Header Files</Filter>
    </ClInclude>
    <ClInclude Include="Filler\ResetGameButton.h">
      <Filter>Header Files</Filter>
    </ClInclude>
    <ClInclude Include="Core\Constants.h">
      <Filter>Header Files</Filter>
    </ClInclude>
    <ClInclude Include="Filler\GameLoop.h">
      <Filter>Header Files</Filter>
    </ClInclude>
    <ClInclude Include="Core\Render\Hex.h">
      <Filter>Header Files</Filter>
    </ClInclude>
    <ClInclude Include="Core\Render\DArea.h">
      <Filter>Header Files</Filter>
    </ClInclude>
    <ClInclude Include="Core\Render\Vertex.h">
      <Filter>Header Files</Filter>
    </ClInclude>
    <ClInclude Include="Core\Render\Color.h">
      <Filter>Header Files</Filter>
    </ClInclude>
    <ClInclude Include="Core\Math\DVector.h">
      <Filter>Header Files</Filter>
    </ClInclude>
    <ClInclude Include="Core\precomp.h">
      <Filter>Header Files</Filter>
    </ClInclude>
  </ItemGroup>
  <ItemGroup>
    <None Include="hex.vs">
      <Filter>Resource Files\Shaders</Filter>
    </None>
    <None Include="hex.fs">
      <Filter>Resource Files\Shaders</Filter>
    </None>
    <None Include="TextShader.fs">
      <Filter>Resource Files\Shaders</Filter>
    </None>
    <None Include="TextShader.vs">
      <Filter>Resource Files\Shaders</Filter>
    </None>
    <None Include="Triangle1.fs">
      <Filter>Resource Files\Shaders</Filter>
    </None>
    <None Include="Triangle1.vs">
      <Filter>Resource Files\Shaders</Filter>
    </None>
    <None Include="Triangle2.fs">
      <Filter>Resource Files\Shaders</Filter>
    </None>
    <None Include="Triangle2.vs">
      <Filter>Resource Files\Shaders</Filter>
    </None>
    <None Include="Triangle3.fs">
      <Filter>Resource Files\Shaders</Filter>
    </None>
    <None Include="Triangle3.vs">
      <Filter>Resource Files\Shaders</Filter>
    </None>
  </ItemGroup>
  <ItemGroup>
    <Font Include="arial.ttf">
      <Filter>Resource Files\Fonts</Filter>
    </Font>
  </ItemGroup>
</Project>